
Microsoft Visual Studio Solution File, Format Version 12.00
# Visual Studio Version 16
VisualStudioVersion = 16.0.29102.190
MinimumVisualStudioVersion = 10.0.40219.1
Project("{FAE04EC0-301F-11D3-BF4B-00C04F79EFBC}") = "EasySelectPatientMonitor", "EasySelectPatientMonitor\EasySelectPatientMonitor.csproj", "{71989EE7-A0C6-4167-A7B9-D3FC360255CC}"
EndProject
Global
	GlobalSection(SolutionConfigurationPlatforms) = preSolution
		Debug|Any CPU = Debug|Any CPU
		Release|Any CPU = Release|Any CPU
	EndGlobalSection
	GlobalSection(ProjectConfigurationPlatforms) = postSolution
		{71989EE7-A0C6-4167-A7B9-D3FC360255CC}.Debug|Any CPU.ActiveCfg = Debug|Any CPU
		{71989EE7-A0C6-4167-A7B9-D3FC360255CC}.Debug|Any CPU.Build.0 = Debug|Any CPU
		{71989EE7-A0C6-4167-A7B9-D3FC360255CC}.Release|Any CPU.ActiveCfg = Release|Any CPU
		{71989EE7-A0C6-4167-A7B9-D3FC360255CC}.Release|Any CPU.Build.0 = Release|Any CPU
	EndGlobalSection
	GlobalSection(SolutionProperties) = preSolution
		HideSolutionNode = FALSE
	EndGlobalSection
	GlobalSection(ExtensibilityGlobals) = postSolution
		SolutionGuid = {3913A29B-BC72-4E68-B78C-FD5CC3F121FE}
	EndGlobalSection
EndGlobal
